// !$*UTF8*$!
{
	archiveVersion = 1;
	classes = {
	};
	objectVersion = 56;
	objects = {

/* Begin PBXBuildFile section */
		038266DC29ED73D4005405F8 /* AppDelegate.swift in Sources */ = {isa = PBXBuildFile; fileRef = 038266DB29ED73D4005405F8 /* AppDelegate.swift */; };
		038266E029ED73D5005405F8 /* ViewController.swift in Sources */ = {isa = PBXBuildFile; fileRef = 038266DF29ED73D5005405F8 /* ViewController.swift */; };
		038266E329ED73D5005405F8 /* Main.storyboard in Resources */ = {isa = PBXBuildFile; fileRef = 038266E129ED73D5005405F8 /* Main.storyboard */; };
		038266E529ED73D8005405F8 /* Assets.xcassets in Resources */ = {isa = PBXBuildFile; fileRef = 038266E429ED73D8005405F8 /* Assets.xcassets */; };
		038266E829ED73D8005405F8 /* LaunchScreen.storyboard in Resources */ = {isa = PBXBuildFile; fileRef = 038266E629ED73D8005405F8 /* LaunchScreen.storyboard */; };
		038266F329ED73D8005405F8 /* iPlayer2Tests.swift in Sources */ = {isa = PBXBuildFile; fileRef = 038266F229ED73D8005405F8 /* iPlayer2Tests.swift */; };
		038266FD29ED73D8005405F8 /* iPlayer2UITests.swift in Sources */ = {isa = PBXBuildFile; fileRef = 038266FC29ED73D8005405F8 /* iPlayer2UITests.swift */; };
		038266FF29ED73D8005405F8 /* iPlayer2UITestsLaunchTests.swift in Sources */ = {isa = PBXBuildFile; fileRef = 038266FE29ED73D8005405F8 /* iPlayer2UITestsLaunchTests.swift */; };
		0382670C29EE5EED005405F8 /* PlayerViewController.swift in Sources */ = {isa = PBXBuildFile; fileRef = 0382670B29EE5EED005405F8 /* PlayerViewController.swift */; };
		0382671329EEA471005405F8 /* VideoPlayerView.swift in Sources */ = {isa = PBXBuildFile; fileRef = 0382671229EEA471005405F8 /* VideoPlayerView.swift */; };
		038CC3012A06577B0093BF72 /* M3U8Kit.framework in CopyFiles */ = {isa = PBXBuildFile; fileRef = 03F3E4EA2A0656720028EE0B /* M3U8Kit.framework */; settings = {ATTRIBUTES = (CodeSignOnCopy, RemoveHeadersOnCopy, ); }; };
		038CC3032A065AAE0093BF72 /* VideoQuality.swift in Sources */ = {isa = PBXBuildFile; fileRef = 038CC3022A065AAE0093BF72 /* VideoQuality.swift */; };
		038CC3052A0690840093BF72 /* VideoResourceLoaderDelegate.swift in Sources */ = {isa = PBXBuildFile; fileRef = 038CC3042A0690840093BF72 /* VideoResourceLoaderDelegate.swift */; };
		038CC3072A0691610093BF72 /* DRMKeySessionDelegate.swift in Sources */ = {isa = PBXBuildFile; fileRef = 038CC3062A0691610093BF72 /* DRMKeySessionDelegate.swift */; };
		038CC3092A06A40A0093BF72 /* DRMError.swift in Sources */ = {isa = PBXBuildFile; fileRef = 038CC3082A06A40A0093BF72 /* DRMError.swift */; };
		03F3E4CC29FD51700028EE0B /* Constants.swift in Sources */ = {isa = PBXBuildFile; fileRef = 03F3E4CB29FD51700028EE0B /* Constants.swift */; };
		03F3E4D229FE99760028EE0B /* VideoPlayerControlsView.swift in Sources */ = {isa = PBXBuildFile; fileRef = 03F3E4D129FE99760028EE0B /* VideoPlayerControlsView.swift */; };
		03F3E4D529FE9BC40028EE0B /* UIView.swift in Sources */ = {isa = PBXBuildFile; fileRef = 03F3E4D429FE9BC40028EE0B /* UIView.swift */; };
		03F3E4D929FE9F510028EE0B /* VideoPlayerControls.xib in Resources */ = {isa = PBXBuildFile; fileRef = 03F3E4D829FE9F510028EE0B /* VideoPlayerControls.xib */; };
		03F3E4DB29FEB9310028EE0B /* AVPlayer.swift in Sources */ = {isa = PBXBuildFile; fileRef = 03F3E4DA29FEB9300028EE0B /* AVPlayer.swift */; };
		03F3E4DE29FFD1D10028EE0B /* Formatters.swift in Sources */ = {isa = PBXBuildFile; fileRef = 03F3E4DD29FFD1D10028EE0B /* Formatters.swift */; };
		03F3E4E02A00DBFE0028EE0B /* PlayerStatuses.swift in Sources */ = {isa = PBXBuildFile; fileRef = 03F3E4DF2A00DBFE0028EE0B /* PlayerStatuses.swift */; };
		03F3E4E22A010CE70028EE0B /* VideoPlayerSlider.swift in Sources */ = {isa = PBXBuildFile; fileRef = 03F3E4E12A010CE70028EE0B /* VideoPlayerSlider.swift */; };
		03F3E4E42A01218A0028EE0B /* UIImage.swift in Sources */ = {isa = PBXBuildFile; fileRef = 03F3E4E32A01218A0028EE0B /* UIImage.swift */; };
		03F3E4E82A061FAF0028EE0B /* PlaybackSpeed.swift in Sources */ = {isa = PBXBuildFile; fileRef = 03F3E4E72A061FAF0028EE0B /* PlaybackSpeed.swift */; };
		03F3E4EB2A0656720028EE0B /* M3U8Kit.framework in Frameworks */ = {isa = PBXBuildFile; fileRef = 03F3E4EA2A0656720028EE0B /* M3U8Kit.framework */; };
/* End PBXBuildFile section */

/* Begin PBXContainerItemProxy section */
		038266EF29ED73D8005405F8 /* PBXContainerItemProxy */ = {
			isa = PBXContainerItemProxy;
			containerPortal = 038266D029ED73D4005405F8 /* Project object */;
			proxyType = 1;
			remoteGlobalIDString = 038266D729ED73D4005405F8;
			remoteInfo = iPlayer2;
		};
		038266F929ED73D8005405F8 /* PBXContainerItemProxy */ = {
			isa = PBXContainerItemProxy;
			containerPortal = 038266D029ED73D4005405F8 /* Project object */;
			proxyType = 1;
			remoteGlobalIDString = 038266D729ED73D4005405F8;
			remoteInfo = iPlayer2;
		};
/* End PBXContainerItemProxy section */

/* Begin PBXCopyFilesBuildPhase section */
		03F3E4EF2A06571F0028EE0B /* CopyFiles */ = {
			isa = PBXCopyFilesBuildPhase;
			buildActionMask = 2147483647;
			dstPath = "";
			dstSubfolderSpec = 10;
			files = (
				038CC3012A06577B0093BF72 /* M3U8Kit.framework in CopyFiles */,
			);
			runOnlyForDeploymentPostprocessing = 0;
		};
/* End PBXCopyFilesBuildPhase section */

/* Begin PBXFileReference section */
		038266D829ED73D4005405F8 /* iPlayer2.app */ = {isa = PBXFileReference; explicitFileType = wrapper.application; includeInIndex = 0; path = iPlayer2.app; sourceTree = BUILT_PRODUCTS_DIR; };
		038266DB29ED73D4005405F8 /* AppDelegate.swift */ = {isa = PBXFileReference; lastKnownFileType = sourcecode.swift; path = AppDelegate.swift; sourceTree = "<group>"; };
		038266DF29ED73D5005405F8 /* ViewController.swift */ = {isa = PBXFileReference; lastKnownFileType = sourcecode.swift; path = ViewController.swift; sourceTree = "<group>"; };
		038266E229ED73D5005405F8 /* Base */ = {isa = PBXFileReference; lastKnownFileType = file.storyboard; name = Base; path = Base.lproj/Main.storyboard; sourceTree = "<group>"; };
		038266E429ED73D8005405F8 /* Assets.xcassets */ = {isa = PBXFileReference; lastKnownFileType = folder.assetcatalog; path = Assets.xcassets; sourceTree = "<group>"; };
		038266E729ED73D8005405F8 /* Base */ = {isa = PBXFileReference; lastKnownFileType = file.storyboard; name = Base; path = Base.lproj/LaunchScreen.storyboard; sourceTree = "<group>"; };
		038266E929ED73D8005405F8 /* Info.plist */ = {isa = PBXFileReference; lastKnownFileType = text.plist.xml; path = Info.plist; sourceTree = "<group>"; };
		038266EE29ED73D8005405F8 /* iPlayer2Tests.xctest */ = {isa = PBXFileReference; explicitFileType = wrapper.cfbundle; includeInIndex = 0; path = iPlayer2Tests.xctest; sourceTree = BUILT_PRODUCTS_DIR; };
		038266F229ED73D8005405F8 /* iPlayer2Tests.swift */ = {isa = PBXFileReference; lastKnownFileType = sourcecode.swift; path = iPlayer2Tests.swift; sourceTree = "<group>"; };
		038266F829ED73D8005405F8 /* iPlayer2UITests.xctest */ = {isa = PBXFileReference; explicitFileType = wrapper.cfbundle; includeInIndex = 0; path = iPlayer2UITests.xctest; sourceTree = BUILT_PRODUCTS_DIR; };
		038266FC29ED73D8005405F8 /* iPlayer2UITests.swift */ = {isa = PBXFileReference; lastKnownFileType = sourcecode.swift; path = iPlayer2UITests.swift; sourceTree = "<group>"; };
		038266FE29ED73D8005405F8 /* iPlayer2UITestsLaunchTests.swift */ = {isa = PBXFileReference; lastKnownFileType = sourcecode.swift; path = iPlayer2UITestsLaunchTests.swift; sourceTree = "<group>"; };
		0382670B29EE5EED005405F8 /* PlayerViewController.swift */ = {isa = PBXFileReference; lastKnownFileType = sourcecode.swift; path = PlayerViewController.swift; sourceTree = "<group>"; };
		0382671229EEA471005405F8 /* VideoPlayerView.swift */ = {isa = PBXFileReference; lastKnownFileType = sourcecode.swift; path = VideoPlayerView.swift; sourceTree = "<group>"; };
		038CC3022A065AAE0093BF72 /* VideoQuality.swift */ = {isa = PBXFileReference; lastKnownFileType = sourcecode.swift; path = VideoQuality.swift; sourceTree = "<group>"; };
		038CC3042A0690840093BF72 /* VideoResourceLoaderDelegate.swift */ = {isa = PBXFileReference; lastKnownFileType = sourcecode.swift; path = VideoResourceLoaderDelegate.swift; sourceTree = "<group>"; };
		038CC3062A0691610093BF72 /* DRMKeySessionDelegate.swift */ = {isa = PBXFileReference; lastKnownFileType = sourcecode.swift; path = DRMKeySessionDelegate.swift; sourceTree = "<group>"; };
		038CC3082A06A40A0093BF72 /* DRMError.swift */ = {isa = PBXFileReference; lastKnownFileType = sourcecode.swift; path = DRMError.swift; sourceTree = "<group>"; };
		03F3E4CB29FD51700028EE0B /* Constants.swift */ = {isa = PBXFileReference; lastKnownFileType = sourcecode.swift; path = Constants.swift; sourceTree = "<group>"; };
		03F3E4CD29FE76EF0028EE0B /* iPlayer2.entitlements */ = {isa = PBXFileReference; lastKnownFileType = text.plist.entitlements; path = iPlayer2.entitlements; sourceTree = "<group>"; };
		03F3E4D129FE99760028EE0B /* VideoPlayerControlsView.swift */ = {isa = PBXFileReference; lastKnownFileType = sourcecode.swift; path = VideoPlayerControlsView.swift; sourceTree = "<group>"; };
		03F3E4D429FE9BC40028EE0B /* UIView.swift */ = {isa = PBXFileReference; lastKnownFileType = sourcecode.swift; path = UIView.swift; sourceTree = "<group>"; };
		03F3E4D829FE9F510028EE0B /* VideoPlayerControls.xib */ = {isa = PBXFileReference; lastKnownFileType = file.xib; name = VideoPlayerControls.xib; path = iPlayer2/VideoPlayerControls.xib; sourceTree = SOURCE_ROOT; };
		03F3E4DA29FEB9300028EE0B /* AVPlayer.swift */ = {isa = PBXFileReference; lastKnownFileType = sourcecode.swift; path = AVPlayer.swift; sourceTree = "<group>"; };
		03F3E4DD29FFD1D10028EE0B /* Formatters.swift */ = {isa = PBXFileReference; lastKnownFileType = sourcecode.swift; path = Formatters.swift; sourceTree = "<group>"; };
		03F3E4DF2A00DBFE0028EE0B /* PlayerStatuses.swift */ = {isa = PBXFileReference; lastKnownFileType = sourcecode.swift; path = PlayerStatuses.swift; sourceTree = "<group>"; };
		03F3E4E12A010CE70028EE0B /* VideoPlayerSlider.swift */ = {isa = PBXFileReference; lastKnownFileType = sourcecode.swift; path = VideoPlayerSlider.swift; sourceTree = "<group>"; };
		03F3E4E32A01218A0028EE0B /* UIImage.swift */ = {isa = PBXFileReference; lastKnownFileType = sourcecode.swift; path = UIImage.swift; sourceTree = "<group>"; };
		03F3E4E72A061FAF0028EE0B /* PlaybackSpeed.swift */ = {isa = PBXFileReference; lastKnownFileType = sourcecode.swift; path = PlaybackSpeed.swift; sourceTree = "<group>"; };
		03F3E4EA2A0656720028EE0B /* M3U8Kit.framework */ = {isa = PBXFileReference; lastKnownFileType = wrapper.framework; name = M3U8Kit.framework; path = Carthage/Build/iOS/M3U8Kit.framework; sourceTree = "<group>"; };
/* End PBXFileReference section */

/* Begin PBXFrameworksBuildPhase section */
		038266D529ED73D4005405F8 /* Frameworks */ = {
			isa = PBXFrameworksBuildPhase;
			buildActionMask = 2147483647;
			files = (
				03F3E4EB2A0656720028EE0B /* M3U8Kit.framework in Frameworks */,
			);
			runOnlyForDeploymentPostprocessing = 0;
		};
		038266EB29ED73D8005405F8 /* Frameworks */ = {
			isa = PBXFrameworksBuildPhase;
			buildActionMask = 2147483647;
			files = (
			);
			runOnlyForDeploymentPostprocessing = 0;
		};
		038266F529ED73D8005405F8 /* Frameworks */ = {
			isa = PBXFrameworksBuildPhase;
			buildActionMask = 2147483647;
			files = (
			);
			runOnlyForDeploymentPostprocessing = 0;
		};
/* End PBXFrameworksBuildPhase section */

/* Begin PBXGroup section */
		038266CF29ED73D4005405F8 = {
			isa = PBXGroup;
			children = (
				038266DA29ED73D4005405F8 /* iPlayer2 */,
				038266F129ED73D8005405F8 /* iPlayer2Tests */,
				038266FB29ED73D8005405F8 /* iPlayer2UITests */,
				038266D929ED73D4005405F8 /* Products */,
				03F3E4E92A0656710028EE0B /* Frameworks */,
			);
			sourceTree = "<group>";
		};
		038266D929ED73D4005405F8 /* Products */ = {
			isa = PBXGroup;
			children = (
				038266D829ED73D4005405F8 /* iPlayer2.app */,
				038266EE29ED73D8005405F8 /* iPlayer2Tests.xctest */,
				038266F829ED73D8005405F8 /* iPlayer2UITests.xctest */,
			);
			name = Products;
			sourceTree = "<group>";
		};
		038266DA29ED73D4005405F8 /* iPlayer2 */ = {
			isa = PBXGroup;
			children = (
				03F3E4DC29FFD1AF0028EE0B /* Utils */,
				03F3E4D329FE9BB00028EE0B /* Extensions */,
				03F3E4CE29FE81490028EE0B /* Xib */,
				03F3E4CD29FE76EF0028EE0B /* iPlayer2.entitlements */,
				03F3E4CB29FD51700028EE0B /* Constants.swift */,
				0382670F29EEA2EA005405F8 /* Controllers */,
				0382670D29EEA2AD005405F8 /* Views */,
				038266DB29ED73D4005405F8 /* AppDelegate.swift */,
				038266E129ED73D5005405F8 /* Main.storyboard */,
				038266E429ED73D8005405F8 /* Assets.xcassets */,
				038266E629ED73D8005405F8 /* LaunchScreen.storyboard */,
				038266E929ED73D8005405F8 /* Info.plist */,
			);
			path = iPlayer2;
			sourceTree = "<group>";
		};
		038266F129ED73D8005405F8 /* iPlayer2Tests */ = {
			isa = PBXGroup;
			children = (
				038266F229ED73D8005405F8 /* iPlayer2Tests.swift */,
			);
			path = iPlayer2Tests;
			sourceTree = "<group>";
		};
		038266FB29ED73D8005405F8 /* iPlayer2UITests */ = {
			isa = PBXGroup;
			children = (
				038266FC29ED73D8005405F8 /* iPlayer2UITests.swift */,
				038266FE29ED73D8005405F8 /* iPlayer2UITestsLaunchTests.swift */,
			);
			path = iPlayer2UITests;
			sourceTree = "<group>";
		};
		0382670D29EEA2AD005405F8 /* Views */ = {
			isa = PBXGroup;
			children = (
				0382671229EEA471005405F8 /* VideoPlayerView.swift */,
				03F3E4D129FE99760028EE0B /* VideoPlayerControlsView.swift */,
				03F3E4E12A010CE70028EE0B /* VideoPlayerSlider.swift */,
			);
			path = Views;
			sourceTree = "<group>";
		};
		0382670F29EEA2EA005405F8 /* Controllers */ = {
			isa = PBXGroup;
			children = (
				038266DF29ED73D5005405F8 /* ViewController.swift */,
				0382670B29EE5EED005405F8 /* PlayerViewController.swift */,
			);
			path = Controllers;
			sourceTree = "<group>";
		};
		03F3E4CE29FE81490028EE0B /* Xib */ = {
			isa = PBXGroup;
			children = (
				03F3E4D829FE9F510028EE0B /* VideoPlayerControls.xib */,
			);
			path = Xib;
			sourceTree = "<group>";
		};
		03F3E4D329FE9BB00028EE0B /* Extensions */ = {
			isa = PBXGroup;
			children = (
				03F3E4D429FE9BC40028EE0B /* UIView.swift */,
				03F3E4DA29FEB9300028EE0B /* AVPlayer.swift */,
				03F3E4E32A01218A0028EE0B /* UIImage.swift */,
			);
			path = Extensions;
			sourceTree = "<group>";
		};
		03F3E4DC29FFD1AF0028EE0B /* Utils */ = {
			isa = PBXGroup;
			children = (
				03F3E4DD29FFD1D10028EE0B /* Formatters.swift */,
				03F3E4DF2A00DBFE0028EE0B /* PlayerStatuses.swift */,
				03F3E4E72A061FAF0028EE0B /* PlaybackSpeed.swift */,
				038CC3022A065AAE0093BF72 /* VideoQuality.swift */,
				038CC3042A0690840093BF72 /* VideoResourceLoaderDelegate.swift */,
				038CC3062A0691610093BF72 /* DRMKeySessionDelegate.swift */,
				038CC3082A06A40A0093BF72 /* DRMError.swift */,
			);
			path = Utils;
			sourceTree = "<group>";
		};
		03F3E4E92A0656710028EE0B /* Frameworks */ = {
			isa = PBXGroup;
			children = (
				03F3E4EA2A0656720028EE0B /* M3U8Kit.framework */,
			);
			name = Frameworks;
			sourceTree = "<group>";
		};
/* End PBXGroup section */

/* Begin PBXNativeTarget section */
		038266D729ED73D4005405F8 /* iPlayer2 */ = {
			isa = PBXNativeTarget;
			buildConfigurationList = 0382670229ED73D8005405F8 /* Build configuration list for PBXNativeTarget "iPlayer2" */;
			buildPhases = (
				038266D429ED73D4005405F8 /* Sources */,
				038266D529ED73D4005405F8 /* Frameworks */,
				038266D629ED73D4005405F8 /* Resources */,
				03F3E4EE2A0656AB0028EE0B /* ShellScript */,
				03F3E4EF2A06571F0028EE0B /* CopyFiles */,
			);
			buildRules = (
			);
			dependencies = (
			);
			name = iPlayer2;
			productName = iPlayer2;
			productReference = 038266D829ED73D4005405F8 /* iPlayer2.app */;
			productType = "com.apple.product-type.application";
		};
		038266ED29ED73D8005405F8 /* iPlayer2Tests */ = {
			isa = PBXNativeTarget;
			buildConfigurationList = 0382670529ED73D8005405F8 /* Build configuration list for PBXNativeTarget "iPlayer2Tests" */;
			buildPhases = (
				038266EA29ED73D8005405F8 /* Sources */,
				038266EB29ED73D8005405F8 /* Frameworks */,
				038266EC29ED73D8005405F8 /* Resources */,
			);
			buildRules = (
			);
			dependencies = (
				038266F029ED73D8005405F8 /* PBXTargetDependency */,
			);
			name = iPlayer2Tests;
			productName = iPlayer2Tests;
			productReference = 038266EE29ED73D8005405F8 /* iPlayer2Tests.xctest */;
			productType = "com.apple.product-type.bundle.unit-test";
		};
		038266F729ED73D8005405F8 /* iPlayer2UITests */ = {
			isa = PBXNativeTarget;
			buildConfigurationList = 0382670829ED73D8005405F8 /* Build configuration list for PBXNativeTarget "iPlayer2UITests" */;
			buildPhases = (
				038266F429ED73D8005405F8 /* Sources */,
				038266F529ED73D8005405F8 /* Frameworks */,
				038266F629ED73D8005405F8 /* Resources */,
			);
			buildRules = (
			);
			dependencies = (
				038266FA29ED73D8005405F8 /* PBXTargetDependency */,
			);
			name = iPlayer2UITests;
			productName = iPlayer2UITests;
			productReference = 038266F829ED73D8005405F8 /* iPlayer2UITests.xctest */;
			productType = "com.apple.product-type.bundle.ui-testing";
		};
/* End PBXNativeTarget section */

/* Begin PBXProject section */
		038266D029ED73D4005405F8 /* Project object */ = {
			isa = PBXProject;
			attributes = {
				BuildIndependentTargetsInParallel = 1;
				LastSwiftUpdateCheck = 1430;
				LastUpgradeCheck = 1430;
				TargetAttributes = {
					038266D729ED73D4005405F8 = {
						CreatedOnToolsVersion = 14.3;
					};
					038266ED29ED73D8005405F8 = {
						CreatedOnToolsVersion = 14.3;
						TestTargetID = 038266D729ED73D4005405F8;
					};
					038266F729ED73D8005405F8 = {
						CreatedOnToolsVersion = 14.3;
						TestTargetID = 038266D729ED73D4005405F8;
					};
				};
			};
			buildConfigurationList = 038266D329ED73D4005405F8 /* Build configuration list for PBXProject "iPlayer2" */;
			compatibilityVersion = "Xcode 14.0";
			developmentRegion = en;
			hasScannedForEncodings = 0;
			knownRegions = (
				en,
				Base,
			);
			mainGroup = 038266CF29ED73D4005405F8;
			productRefGroup = 038266D929ED73D4005405F8 /* Products */;
			projectDirPath = "";
			projectRoot = "";
			targets = (
				038266D729ED73D4005405F8 /* iPlayer2 */,
				038266ED29ED73D8005405F8 /* iPlayer2Tests */,
				038266F729ED73D8005405F8 /* iPlayer2UITests */,
			);
		};
/* End PBXProject section */

/* Begin PBXResourcesBuildPhase section */
		038266D629ED73D4005405F8 /* Resources */ = {
			isa = PBXResourcesBuildPhase;
			buildActionMask = 2147483647;
			files = (
				03F3E4D929FE9F510028EE0B /* VideoPlayerControls.xib in Resources */,
				038266E829ED73D8005405F8 /* LaunchScreen.storyboard in Resources */,
				038266E529ED73D8005405F8 /* Assets.xcassets in Resources */,
				038266E329ED73D5005405F8 /* Main.storyboard in Resources */,
			);
			runOnlyForDeploymentPostprocessing = 0;
		};
		038266EC29ED73D8005405F8 /* Resources */ = {
			isa = PBXResourcesBuildPhase;
			buildActionMask = 2147483647;
			files = (
			);
			runOnlyForDeploymentPostprocessing = 0;
		};
		038266F629ED73D8005405F8 /* Resources */ = {
			isa = PBXResourcesBuildPhase;
			buildActionMask = 2147483647;
			files = (
			);
			runOnlyForDeploymentPostprocessing = 0;
		};
/* End PBXResourcesBuildPhase section */

/* Begin PBXShellScriptBuildPhase section */
		03F3E4EE2A0656AB0028EE0B /* ShellScript */ = {
			isa = PBXShellScriptBuildPhase;
			buildActionMask = 2147483647;
			files = (
			);
			inputFileListPaths = (
			);
			inputPaths = (
				"$(SRCROOT)/Carthage/Build/iOS/M3U8Kit.framework",
			);
			outputFileListPaths = (
			);
			outputPaths = (
			);
			runOnlyForDeploymentPostprocessing = 0;
			shellPath = /bin/sh;
			shellScript = "/usr/local/bin/carthage copy-frameworks\n";
		};
/* End PBXShellScriptBuildPhase section */

/* Begin PBXSourcesBuildPhase section */
		038266D429ED73D4005405F8 /* Sources */ = {
			isa = PBXSourcesBuildPhase;
			buildActionMask = 2147483647;
			files = (
				03F3E4CC29FD51700028EE0B /* Constants.swift in Sources */,
				038CC3072A0691610093BF72 /* DRMKeySessionDelegate.swift in Sources */,
				03F3E4D229FE99760028EE0B /* VideoPlayerControlsView.swift in Sources */,
				038266E029ED73D5005405F8 /* ViewController.swift in Sources */,
				038CC3092A06A40A0093BF72 /* DRMError.swift in Sources */,
				03F3E4D529FE9BC40028EE0B /* UIView.swift in Sources */,
				0382670C29EE5EED005405F8 /* PlayerViewController.swift in Sources */,
				03F3E4E22A010CE70028EE0B /* VideoPlayerSlider.swift in Sources */,
				03F3E4E82A061FAF0028EE0B /* PlaybackSpeed.swift in Sources */,
				038CC3032A065AAE0093BF72 /* VideoQuality.swift in Sources */,
				03F3E4DE29FFD1D10028EE0B /* Formatters.swift in Sources */,
				03F3E4E02A00DBFE0028EE0B /* PlayerStatuses.swift in Sources */,
				03F3E4DB29FEB9310028EE0B /* AVPlayer.swift in Sources */,
				03F3E4E42A01218A0028EE0B /* UIImage.swift in Sources */,
				038266DC29ED73D4005405F8 /* AppDelegate.swift in Sources */,
				038CC3052A0690840093BF72 /* VideoResourceLoaderDelegate.swift in Sources */,
				0382671329EEA471005405F8 /* VideoPlayerView.swift in Sources */,
			);
			runOnlyForDeploymentPostprocessing = 0;
		};
		038266EA29ED73D8005405F8 /* Sources */ = {
			isa = PBXSourcesBuildPhase;
			buildActionMask = 2147483647;
			files = (
				038266F329ED73D8005405F8 /* iPlayer2Tests.swift in Sources */,
			);
			runOnlyForDeploymentPostprocessing = 0;
		};
		038266F429ED73D8005405F8 /* Sources */ = {
			isa = PBXSourcesBuildPhase;
			buildActionMask = 2147483647;
			files = (
				038266FF29ED73D8005405F8 /* iPlayer2UITestsLaunchTests.swift in Sources */,
				038266FD29ED73D8005405F8 /* iPlayer2UITests.swift in Sources */,
			);
			runOnlyForDeploymentPostprocessing = 0;
		};
/* End PBXSourcesBuildPhase section */

/* Begin PBXTargetDependency section */
		038266F029ED73D8005405F8 /* PBXTargetDependency */ = {
			isa = PBXTargetDependency;
			target = 038266D729ED73D4005405F8 /* iPlayer2 */;
			targetProxy = 038266EF29ED73D8005405F8 /* PBXContainerItemProxy */;
		};
		038266FA29ED73D8005405F8 /* PBXTargetDependency */ = {
			isa = PBXTargetDependency;
			target = 038266D729ED73D4005405F8 /* iPlayer2 */;
			targetProxy = 038266F929ED73D8005405F8 /* PBXContainerItemProxy */;
		};
/* End PBXTargetDependency section */

/* Begin PBXVariantGroup section */
		038266E129ED73D5005405F8 /* Main.storyboard */ = {
			isa = PBXVariantGroup;
			children = (
				038266E229ED73D5005405F8 /* Base */,
			);
			name = Main.storyboard;
			sourceTree = "<group>";
		};
		038266E629ED73D8005405F8 /* LaunchScreen.storyboard */ = {
			isa = PBXVariantGroup;
			children = (
				038266E729ED73D8005405F8 /* Base */,
			);
			name = LaunchScreen.storyboard;
			sourceTree = "<group>";
		};
/* End PBXVariantGroup section */

/* Begin XCBuildConfiguration section */
		0382670029ED73D8005405F8 /* Debug */ = {
			isa = XCBuildConfiguration;
			buildSettings = {
				ALWAYS_SEARCH_USER_PATHS = NO;
				CLANG_ANALYZER_NONNULL = YES;
				CLANG_ANALYZER_NUMBER_OBJECT_CONVERSION = YES_AGGRESSIVE;
				CLANG_CXX_LANGUAGE_STANDARD = "gnu++20";
				CLANG_ENABLE_MODULES = YES;
				CLANG_ENABLE_OBJC_ARC = YES;
				CLANG_ENABLE_OBJC_WEAK = YES;
				CLANG_WARN_BLOCK_CAPTURE_AUTORELEASING = YES;
				CLANG_WARN_BOOL_CONVERSION = YES;
				CLANG_WARN_COMMA = YES;
				CLANG_WARN_CONSTANT_CONVERSION = YES;
				CLANG_WARN_DEPRECATED_OBJC_IMPLEMENTATIONS = YES;
				CLANG_WARN_DIRECT_OBJC_ISA_USAGE = YES_ERROR;
				CLANG_WARN_DOCUMENTATION_COMMENTS = YES;
				CLANG_WARN_EMPTY_BODY = YES;
				CLANG_WARN_ENUM_CONVERSION = YES;
				CLANG_WARN_INFINITE_RECURSION = YES;
				CLANG_WARN_INT_CONVERSION = YES;
				CLANG_WARN_NON_LITERAL_NULL_CONVERSION = YES;
				CLANG_WARN_OBJC_IMPLICIT_RETAIN_SELF = YES;
				CLANG_WARN_OBJC_LITERAL_CONVERSION = YES;
				CLANG_WARN_OBJC_ROOT_CLASS = YES_ERROR;
				CLANG_WARN_QUOTED_INCLUDE_IN_FRAMEWORK_HEADER = YES;
				CLANG_WARN_RANGE_LOOP_ANALYSIS = YES;
				CLANG_WARN_STRICT_PROTOTYPES = YES;
				CLANG_WARN_SUSPICIOUS_MOVE = YES;
				CLANG_WARN_UNGUARDED_AVAILABILITY = YES_AGGRESSIVE;
				CLANG_WARN_UNREACHABLE_CODE = YES;
				CLANG_WARN__DUPLICATE_METHOD_MATCH = YES;
				COPY_PHASE_STRIP = NO;
				DEBUG_INFORMATION_FORMAT = dwarf;
				ENABLE_STRICT_OBJC_MSGSEND = YES;
				ENABLE_TESTABILITY = YES;
				GCC_C_LANGUAGE_STANDARD = gnu11;
				GCC_DYNAMIC_NO_PIC = NO;
				GCC_NO_COMMON_BLOCKS = YES;
				GCC_OPTIMIZATION_LEVEL = 0;
				GCC_PREPROCESSOR_DEFINITIONS = (
					"DEBUG=1",
					"$(inherited)",
				);
				GCC_WARN_64_TO_32_BIT_CONVERSION = YES;
				GCC_WARN_ABOUT_RETURN_TYPE = YES_ERROR;
				GCC_WARN_UNDECLARED_SELECTOR = YES;
				GCC_WARN_UNINITIALIZED_AUTOS = YES_AGGRESSIVE;
				GCC_WARN_UNUSED_FUNCTION = YES;
				GCC_WARN_UNUSED_VARIABLE = YES;
				IPHONEOS_DEPLOYMENT_TARGET = 11.4;
				MTL_ENABLE_DEBUG_INFO = INCLUDE_SOURCE;
				MTL_FAST_MATH = YES;
				ONLY_ACTIVE_ARCH = YES;
				SDKROOT = iphoneos;
				SWIFT_ACTIVE_COMPILATION_CONDITIONS = DEBUG;
				SWIFT_OPTIMIZATION_LEVEL = "-Onone";
			};
			name = Debug;
		};
		0382670129ED73D8005405F8 /* Release */ = {
			isa = XCBuildConfiguration;
			buildSettings = {
				ALWAYS_SEARCH_USER_PATHS = NO;
				CLANG_ANALYZER_NONNULL = YES;
				CLANG_ANALYZER_NUMBER_OBJECT_CONVERSION = YES_AGGRESSIVE;
				CLANG_CXX_LANGUAGE_STANDARD = "gnu++20";
				CLANG_ENABLE_MODULES = YES;
				CLANG_ENABLE_OBJC_ARC = YES;
				CLANG_ENABLE_OBJC_WEAK = YES;
				CLANG_WARN_BLOCK_CAPTURE_AUTORELEASING = YES;
				CLANG_WARN_BOOL_CONVERSION = YES;
				CLANG_WARN_COMMA = YES;
				CLANG_WARN_CONSTANT_CONVERSION = YES;
				CLANG_WARN_DEPRECATED_OBJC_IMPLEMENTATIONS = YES;
				CLANG_WARN_DIRECT_OBJC_ISA_USAGE = YES_ERROR;
				CLANG_WARN_DOCUMENTATION_COMMENTS = YES;
				CLANG_WARN_EMPTY_BODY = YES;
				CLANG_WARN_ENUM_CONVERSION = YES;
				CLANG_WARN_INFINITE_RECURSION = YES;
				CLANG_WARN_INT_CONVERSION = YES;
				CLANG_WARN_NON_LITERAL_NULL_CONVERSION = YES;
				CLANG_WARN_OBJC_IMPLICIT_RETAIN_SELF = YES;
				CLANG_WARN_OBJC_LITERAL_CONVERSION = YES;
				CLANG_WARN_OBJC_ROOT_CLASS = YES_ERROR;
				CLANG_WARN_QUOTED_INCLUDE_IN_FRAMEWORK_HEADER = YES;
				CLANG_WARN_RANGE_LOOP_ANALYSIS = YES;
				CLANG_WARN_STRICT_PROTOTYPES = YES;
				CLANG_WARN_SUSPICIOUS_MOVE = YES;
				CLANG_WARN_UNGUARDED_AVAILABILITY = YES_AGGRESSIVE;
				CLANG_WARN_UNREACHABLE_CODE = YES;
				CLANG_WARN__DUPLICATE_METHOD_MATCH = YES;
				COPY_PHASE_STRIP = NO;
				DEBUG_INFORMATION_FORMAT = "dwarf-with-dsym";
				ENABLE_NS_ASSERTIONS = NO;
				ENABLE_STRICT_OBJC_MSGSEND = YES;
				GCC_C_LANGUAGE_STANDARD = gnu11;
				GCC_NO_COMMON_BLOCKS = YES;
				GCC_WARN_64_TO_32_BIT_CONVERSION = YES;
				GCC_WARN_ABOUT_RETURN_TYPE = YES_ERROR;
				GCC_WARN_UNDECLARED_SELECTOR = YES;
				GCC_WARN_UNINITIALIZED_AUTOS = YES_AGGRESSIVE;
				GCC_WARN_UNUSED_FUNCTION = YES;
				GCC_WARN_UNUSED_VARIABLE = YES;
				IPHONEOS_DEPLOYMENT_TARGET = 11.4;
				MTL_ENABLE_DEBUG_INFO = NO;
				MTL_FAST_MATH = YES;
				SDKROOT = iphoneos;
				SWIFT_COMPILATION_MODE = wholemodule;
				SWIFT_OPTIMIZATION_LEVEL = "-O";
				VALIDATE_PRODUCT = YES;
			};
			name = Release;
		};
		0382670329ED73D8005405F8 /* Debug */ = {
			isa = XCBuildConfiguration;
			buildSettings = {
				ASSETCATALOG_COMPILER_APPICON_NAME = AppIcon;
				ASSETCATALOG_COMPILER_GLOBAL_ACCENT_COLOR_NAME = AccentColor;
				CODE_SIGN_ENTITLEMENTS = iPlayer2/iPlayer2.entitlements;
				CODE_SIGN_STYLE = Automatic;
				CURRENT_PROJECT_VERSION = 1;
				DEVELOPMENT_TEAM = BHAB7LC35Y;
				FRAMEWORK_SEARCH_PATHS = (
					"$(inherited)",
					"$(PROJECT_DIR)/Carthage/Build/iOS",
				);
				GENERATE_INFOPLIST_FILE = YES;
				INFOPLIST_FILE = iPlayer2/Info.plist;
				INFOPLIST_KEY_UIApplicationSupportsIndirectInputEvents = YES;
				INFOPLIST_KEY_UILaunchStoryboardName = LaunchScreen;
				INFOPLIST_KEY_UIMainStoryboardFile = Main;
				INFOPLIST_KEY_UISupportedInterfaceOrientations = "UIInterfaceOrientationLandscapeLeft UIInterfaceOrientationLandscapeRight UIInterfaceOrientationPortrait";
				INFOPLIST_KEY_UISupportedInterfaceOrientations_iPad = "UIInterfaceOrientationLandscapeLeft UIInterfaceOrientationLandscapeRight UIInterfaceOrientationPortrait UIInterfaceOrientationPortraitUpsideDown";
				IPHONEOS_DEPLOYMENT_TARGET = 11.4;
				LD_RUNPATH_SEARCH_PATHS = (
					"$(inherited)",
					"@executable_path/Frameworks",
				);
				MARKETING_VERSION = 1.0;
				PRODUCT_BUNDLE_IDENTIFIER = com.hari.iPlayer2;
				PRODUCT_NAME = "$(TARGET_NAME)";
				SWIFT_EMIT_LOC_STRINGS = YES;
				SWIFT_VERSION = 5.0;
				TARGETED_DEVICE_FAMILY = "1,2";
			};
			name = Debug;
		};
		0382670429ED73D8005405F8 /* Release */ = {
			isa = XCBuildConfiguration;
			buildSettings = {
				ASSETCATALOG_COMPILER_APPICON_NAME = AppIcon;
				ASSETCATALOG_COMPILER_GLOBAL_ACCENT_COLOR_NAME = AccentColor;
				CODE_SIGN_ENTITLEMENTS = iPlayer2/iPlayer2.entitlements;
				CODE_SIGN_STYLE = Automatic;
				CURRENT_PROJECT_VERSION = 1;
				DEVELOPMENT_TEAM = BHAB7LC35Y;
				FRAMEWORK_SEARCH_PATHS = (
					"$(inherited)",
					"$(PROJECT_DIR)/Carthage/Build/iOS",
				);
				GENERATE_INFOPLIST_FILE = YES;
				INFOPLIST_FILE = iPlayer2/Info.plist;
				INFOPLIST_KEY_UIApplicationSupportsIndirectInputEvents = YES;
				INFOPLIST_KEY_UILaunchStoryboardName = LaunchScreen;
				INFOPLIST_KEY_UIMainStoryboardFile = Main;
				INFOPLIST_KEY_UISupportedInterfaceOrientations = "UIInterfaceOrientationLandscapeLeft UIInterfaceOrientationLandscapeRight UIInterfaceOrientationPortrait";
				INFOPLIST_KEY_UISupportedInterfaceOrientations_iPad = "UIInterfaceOrientationLandscapeLeft UIInterfaceOrientationLandscapeRight UIInterfaceOrientationPortrait UIInterfaceOrientationPortraitUpsideDown";
				IPHONEOS_DEPLOYMENT_TARGET = 11.4;
				LD_RUNPATH_SEARCH_PATHS = (
					"$(inherited)",
					"@executable_path/Frameworks",
				);
				MARKETING_VERSION = 1.0;
				PRODUCT_BUNDLE_IDENTIFIER = com.hari.iPlayer2;
				PRODUCT_NAME = "$(TARGET_NAME)";
				SWIFT_EMIT_LOC_STRINGS = YES;
				SWIFT_VERSION = 5.0;
				TARGETED_DEVICE_FAMILY = "1,2";
			};
			name = Release;
		};
		0382670629ED73D8005405F8 /* Debug */ = {
			isa = XCBuildConfiguration;
			buildSettings = {
				ALWAYS_EMBED_SWIFT_STANDARD_LIBRARIES = YES;
				BUNDLE_LOADER = "$(TEST_HOST)";
				CODE_SIGN_STYLE = Automatic;
				CURRENT_PROJECT_VERSION = 1;
				DEVELOPMENT_TEAM = BHAB7LC35Y;
				GENERATE_INFOPLIST_FILE = YES;
				IPHONEOS_DEPLOYMENT_TARGET = 16.4;
				MARKETING_VERSION = 1.0;
				PRODUCT_BUNDLE_IDENTIFIER = com.hari.iPlayer2Tests;
				PRODUCT_NAME = "$(TARGET_NAME)";
				SWIFT_EMIT_LOC_STRINGS = NO;
				SWIFT_VERSION = 5.0;
				TARGETED_DEVICE_FAMILY = "1,2";
				TEST_HOST = "$(BUILT_PRODUCTS_DIR)/iPlayer2.app/$(BUNDLE_EXECUTABLE_FOLDER_PATH)/iPlayer2";
			};
			name = Debug;
		};
		0382670729ED73D8005405F8 /* Release */ = {
			isa = XCBuildConfiguration;
			buildSettings = {
				ALWAYS_EMBED_SWIFT_STANDARD_LIBRARIES = YES;
				BUNDLE_LOADER = "$(TEST_HOST)";
				CODE_SIGN_STYLE = Automatic;
				CURRENT_PROJECT_VERSION = 1;
				DEVELOPMENT_TEAM = BHAB7LC35Y;
				GENERATE_INFOPLIST_FILE = YES;
				IPHONEOS_DEPLOYMENT_TARGET = 16.4;
				MARKETING_VERSION = 1.0;
				PRODUCT_BUNDLE_IDENTIFIER = com.hari.iPlayer2Tests;
				PRODUCT_NAME = "$(TARGET_NAME)";
				SWIFT_EMIT_LOC_STRINGS = NO;
				SWIFT_VERSION = 5.0;
				TARGETED_DEVICE_FAMILY = "1,2";
				TEST_HOST = "$(BUILT_PRODUCTS_DIR)/iPlayer2.app/$(BUNDLE_EXECUTABLE_FOLDER_PATH)/iPlayer2";
			};
			name = Release;
		};
		0382670929ED73D8005405F8 /* Debug */ = {
			isa = XCBuildConfiguration;
			buildSettings = {
				ALWAYS_EMBED_SWIFT_STANDARD_LIBRARIES = YES;
				CODE_SIGN_STYLE = Automatic;
				CURRENT_PROJECT_VERSION = 1;
				DEVELOPMENT_TEAM = BHAB7LC35Y;
				GENERATE_INFOPLIST_FILE = YES;
				MARKETING_VERSION = 1.0;
				PRODUCT_BUNDLE_IDENTIFIER = com.hari.iPlayer2UITests;
				PRODUCT_NAME = "$(TARGET_NAME)";
				SWIFT_EMIT_LOC_STRINGS = NO;
				SWIFT_VERSION = 5.0;
				TARGETED_DEVICE_FAMILY = "1,2";
				TEST_TARGET_NAME = iPlayer2;
			};
			name = Debug;
		};
		0382670A29ED73D8005405F8 /* Release */ = {
			isa = XCBuildConfiguration;
			buildSettings = {
				ALWAYS_EMBED_SWIFT_STANDARD_LIBRARIES = YES;
				CODE_SIGN_STYLE = Automatic;
				CURRENT_PROJECT_VERSION = 1;
				DEVELOPMENT_TEAM = BHAB7LC35Y;
				GENERATE_INFOPLIST_FILE = YES;
				MARKETING_VERSION = 1.0;
				PRODUCT_BUNDLE_IDENTIFIER = com.hari.iPlayer2UITests;
				PRODUCT_NAME = "$(TARGET_NAME)";
				SWIFT_EMIT_LOC_STRINGS = NO;
				SWIFT_VERSION = 5.0;
				TARGETED_DEVICE_FAMILY = "1,2";
				TEST_TARGET_NAME = iPlayer2;
			};
			name = Release;
		};
/* End XCBuildConfiguration section */

/* Begin XCConfigurationList section */
		038266D329ED73D4005405F8 /* Build configuration list for PBXProject "iPlayer2" */ = {
			isa = XCConfigurationList;
			buildConfigurations = (
				0382670029ED73D8005405F8 /* Debug */,
				0382670129ED73D8005405F8 /* Release */,
			);
			defaultConfigurationIsVisible = 0;
			defaultConfigurationName = Release;
		};
		0382670229ED73D8005405F8 /* Build configuration list for PBXNativeTarget "iPlayer2" */ = {
			isa = XCConfigurationList;
			buildConfigurations = (
				0382670329ED73D8005405F8 /* Debug */,
				0382670429ED73D8005405F8 /* Release */,
			);
			defaultConfigurationIsVisible = 0;
			defaultConfigurationName = Release;
		};
		0382670529ED73D8005405F8 /* Build configuration list for PBXNativeTarget "iPlayer2Tests" */ = {
			isa = XCConfigurationList;
			buildConfigurations = (
				0382670629ED73D8005405F8 /* Debug */,
				0382670729ED73D8005405F8 /* Release */,
			);
			defaultConfigurationIsVisible = 0;
			defaultConfigurationName = Release;
		};
		0382670829ED73D8005405F8 /* Build configuration list for PBXNativeTarget "iPlayer2UITests" */ = {
			isa = XCConfigurationList;
			buildConfigurations = (
				0382670929ED73D8005405F8 /* Debug */,
				0382670A29ED73D8005405F8 /* Release */,
			);
			defaultConfigurationIsVisible = 0;
			defaultConfigurationName = Release;
		};
/* End XCConfigurationList section */
	};
	rootObject = 038266D029ED73D4005405F8 /* Project object */;
}
